
Microsoft Visual Studio Solution File, Format Version 12.00
# Visual Studio Version 16
VisualStudioVersion = 16.0.32630.194
MinimumVisualStudioVersion = 10.0.40219.1
Project("{FAE04EC0-301F-11D3-BF4B-00C04F79EFBC}") = "CachedRoboCopy", "CachedRoboCopy\CachedRoboCopy.csproj", "{4EB9CAC4-2C20-4C30-AF96-E800E982D8D3}"
EndProject
Global
	GlobalSection(SolutionConfigurationPlatforms) = preSolution
		Debug|Any CPU = Debug|Any CPU
		Release|Any CPU = Release|Any CPU
	EndGlobalSection
	GlobalSection(ProjectConfigurationPlatforms) = postSolution
		{4EB9CAC4-2C20-4C30-AF96-E800E982D8D3}.Debug|Any CPU.ActiveCfg = Debug|Any CPU
		{4EB9CAC4-2C20-4C30-AF96-E800E982D8D3}.Debug|Any CPU.Build.0 = Debug|Any CPU
		{4EB9CAC4-2C20-4C30-AF96-E800E982D8D3}.Release|Any CPU.ActiveCfg = Release|Any CPU
		{4EB9CAC4-2C20-4C30-AF96-E800E982D8D3}.Release|Any CPU.Build.0 = Release|Any CPU
	EndGlobalSection
	GlobalSection(SolutionProperties) = preSolution
		HideSolutionNode = FALSE
	EndGlobalSection
	GlobalSection(ExtensibilityGlobals) = postSolution
		SolutionGuid = {1C049393-956F-4D28-BFD9-D84A6B7E58AB}
	EndGlobalSection
EndGlobal
